
Microsoft Visual Studio Solution File, Format Version 12.00
# Visual Studio 15
VisualStudioVersion = 15.0.26430.14
MinimumVisualStudioVersion = 10.0.40219.1
Project("{FAE04EC0-301F-11D3-BF4B-00C04F79EFBC}") = "NSS.HanbaiKanri", "NSS.HanbaiKanri\NSS.HanbaiKanri.csproj", "{9960E74D-4020-48E9-8641-2DB5A3053A26}"
EndProject
Project("{FAE04EC0-301F-11D3-BF4B-00C04F79EFBC}") = "NSS.HanbaiKanri.DataAccess", "NSS.HanbaiKanri.DataAccess\NSS.HanbaiKanri.DataAccess.csproj", "{0617D8C7-AB73-45C8-8C90-F62404B1FAF7}"
EndProject
Project("{9A19103F-16F7-4668-BE54-9A1E7A4F7556}") = "EFC2TEST.DataAccess", "EFC2TEST.DataAccess\EFC2TEST.DataAccess.csproj", "{06ECB322-BD9C-4D2E-9790-7C90C7FD8076}"
EndProject
Global
	GlobalSection(SolutionConfigurationPlatforms) = preSolution
		Debug|Any CPU = Debug|Any CPU
		Release|Any CPU = Release|Any CPU
	EndGlobalSection
	GlobalSection(ProjectConfigurationPlatforms) = postSolution
		{9960E74D-4020-48E9-8641-2DB5A3053A26}.Debug|Any CPU.ActiveCfg = Debug|Any CPU
		{9960E74D-4020-48E9-8641-2DB5A3053A26}.Debug|Any CPU.Build.0 = Debug|Any CPU
		{9960E74D-4020-48E9-8641-2DB5A3053A26}.Release|Any CPU.ActiveCfg = Release|Any CPU
		{9960E74D-4020-48E9-8641-2DB5A3053A26}.Release|Any CPU.Build.0 = Release|Any CPU
		{0617D8C7-AB73-45C8-8C90-F62404B1FAF7}.Debug|Any CPU.ActiveCfg = Debug|Any CPU
		{0617D8C7-AB73-45C8-8C90-F62404B1FAF7}.Debug|Any CPU.Build.0 = Debug|Any CPU
		{0617D8C7-AB73-45C8-8C90-F62404B1FAF7}.Release|Any CPU.ActiveCfg = Release|Any CPU
		{0617D8C7-AB73-45C8-8C90-F62404B1FAF7}.Release|Any CPU.Build.0 = Release|Any CPU
		{06ECB322-BD9C-4D2E-9790-7C90C7FD8076}.Debug|Any CPU.ActiveCfg = Debug|Any CPU
		{06ECB322-BD9C-4D2E-9790-7C90C7FD8076}.Debug|Any CPU.Build.0 = Debug|Any CPU
		{06ECB322-BD9C-4D2E-9790-7C90C7FD8076}.Release|Any CPU.ActiveCfg = Release|Any CPU
		{06ECB322-BD9C-4D2E-9790-7C90C7FD8076}.Release|Any CPU.Build.0 = Release|Any CPU
	EndGlobalSection
	GlobalSection(SolutionProperties) = preSolution
		HideSolutionNode = FALSE
	EndGlobalSection
	GlobalSection(ExtensibilityGlobals) = postSolution
		SolutionGuid = {1791862D-5859-4D69-A7AB-E6C1DCF2F9F2}
	EndGlobalSection
EndGlobal
